<?xml version="1.0" encoding="utf-8"?>
<Project ToolsVersion="4.0" xmlns="http://schemas.microsoft.com/developer/msbuild/2003">
  <ItemGroup>
    <ClCompile Include="DirectX.cpp">
      <Filter>Services\Interfaces</Filter>
    </ClCompile>
    <ClCompile Include="stdafx.cpp">
      <Filter>Infrastructure</Filter>
    </ClCompile>
    <ClCompile Include="LoadStringFromResource.cpp">
      <Filter>Infrastructure</Filter>
    </ClCompile>
    <ClCompile Include="DirectX_9.cpp">
      <Filter>DirectX\v_9</Filter>
    </ClCompile>
    <ClCompile Include="d3dUtility.cpp">
      <Filter>DirectX\Utility</Filter>
    </ClCompile>
    <ClCompile Include="GameLoopInitialize.cpp">
      <Filter>States\GameLoopStates</Filter>
    </ClCompile>
    <ClCompile Include="Main.cpp">
      <Filter>Main</Filter>
    </ClCompile>
    <ClCompile Include="MainApplication.cpp">
      <Filter>Main</Filter>
    </ClCompile>
    <ClCompile Include="MainWindow.cpp">
      <Filter>Main</Filter>
    </ClCompile>
    <ClCompile Include="UILoopInitialize.cpp">
      <Filter>States\UIStates</Filter>
    </ClCompile>
    <ClCompile Include="ServiceManager.cpp">
      <Filter>Services\ServiceManager</Filter>
    </ClCompile>
    <ClCompile Include="UILoopNull.cpp">
      <Filter>States\UIStates</Filter>
    </ClCompile>
    <ClCompile Include="UILoopMainMenu.cpp">
      <Filter>States\UIStates</Filter>
    </ClCompile>
    <ClCompile Include="UILibrary.cpp">
      <Filter>Infrastructure</Filter>
    </ClCompile>
    <ClCompile Include="UILoopOptions.cpp">
      <Filter>States\UIStates</Filter>
    </ClCompile>
    <ClCompile Include="UILoopNewGame.cpp">
      <Filter>States\UIStates</Filter>
    </ClCompile>
    <ClCompile Include="GameLoopState.cpp">
      <Filter>States\GameLoopStates</Filter>
    </ClCompile>
    <ClCompile Include="GameLoopMainMenu.cpp">
      <Filter>States\GameLoopStates</Filter>
    </ClCompile>
    <ClCompile Include="GameLoopNewGame.cpp">
      <Filter>States\GameLoopStates</Filter>
    </ClCompile>
    <ClCompile Include="Camera.cpp">
      <Filter>Camera</Filter>
    </ClCompile>
    <ClCompile Include="GameObject.cpp">
      <Filter>GameObjects</Filter>
    </ClCompile>
    <ClCompile Include="TexturedGameObject.cpp">
      <Filter>GameObjects</Filter>
    </ClCompile>
    <ClCompile Include="GameObjectTexture.cpp">
      <Filter>GameObjects</Filter>
    </ClCompile>
    <ClCompile Include="World.cpp">
      <Filter>GameWorld</Filter>
    </ClCompile>
    <ClCompile Include="BaseState.cpp">
      <Filter>States\BaseState</Filter>
    </ClCompile>
    <ClCompile Include="LinkUIGameState.cpp">
      <Filter>States\BaseState</Filter>
    </ClCompile>
    <ClCompile Include="Player.cpp">
      <Filter>GameObjects</Filter>
    </ClCompile>
    <ClCompile Include="CameraController.cpp">
      <Filter>Camera</Filter>
    </ClCompile>
    <ClCompile Include="ShortcutController.cpp">
      <Filter>Shortcuts</Filter>
    </ClCompile>
    <ClCompile Include="Terrain.cpp">
      <Filter>Terrain</Filter>
    </ClCompile>
    <ClCompile Include="Light.cpp">
      <Filter>Light</Filter>
    </ClCompile>
    <ClCompile Include="GameSkyBox.cpp">
      <Filter>Entities</Filter>
    </ClCompile>
    <ClCompile Include="Acropolis.cpp">
      <Filter>Entities</Filter>
    </ClCompile>
    <ClCompile Include="Chair.cpp">
      <Filter>Entities</Filter>
    </ClCompile>
    <ClCompile Include="AcropolisGround.cpp">
      <Filter>Entities</Filter>
    </ClCompile>
    <ClCompile Include="Dwarf.cpp">
      <Filter>Entities</Filter>
    </ClCompile>
    <ClCompile Include="Nlo.cpp">
      <Filter>Entities</Filter>
    </ClCompile>
    <ClCompile Include="Car.cpp">
      <Filter>Entities</Filter>
    </ClCompile>
    <ClCompile Include="EvilDrone.cpp">
      <Filter>Entities</Filter>
    </ClCompile>
    <ClCompile Include="Gyro.cpp">
      <Filter>Entities</Filter>
    </ClCompile>
    <ClCompile Include="AttackedGyro.cpp">
      <Filter>Entities</Filter>
    </ClCompile>
    <ClCompile Include="Airplane.cpp">
      <Filter>Entities</Filter>
    </ClCompile>
    <ClCompile Include="Satellite.cpp">
      <Filter>Entities</Filter>
    </ClCompile>
  </ItemGroup>
  <ItemGroup>
    <ClInclude Include="DirectX.h">
      <Filter>Services\Interfaces</Filter>
    </ClInclude>
    <ClInclude Include="resource.h">
      <Filter>Resources</Filter>
    </ClInclude>
    <ClInclude Include="stdafx.h">
      <Filter>Infrastructure</Filter>
    </ClInclude>
    <ClInclude Include="LoadStringFromResource.h">
      <Filter>Infrastructure</Filter>
    </ClInclude>
    <ClInclude Include="DirectX_9.h">
      <Filter>DirectX\v_9</Filter>
    </ClInclude>
    <ClInclude Include="d3dUtility.h">
      <Filter>DirectX\Utility</Filter>
    </ClInclude>
    <ClInclude Include="GameLoopState.h">
      <Filter>States\GameLoopStates</Filter>
    </ClInclude>
    <ClInclude Include="MainApplication.h">
      <Filter>Main</Filter>
    </ClInclude>
    <ClInclude Include="MainWindow.h">
      <Filter>Main</Filter>
    </ClInclude>
    <ClInclude Include="GameLoopInitialize.h">
      <Filter>States\GameLoopStates</Filter>
    </ClInclude>
    <ClInclude Include="WindowInfromation.h">
      <Filter>Services\Interfaces</Filter>
    </ClInclude>
    <ClInclude Include="UILoopState.h">
      <Filter>States\UIStates</Filter>
    </ClInclude>
    <ClInclude Include="UILoopInitialize.h">
      <Filter>States\UIStates</Filter>
    </ClInclude>
    <ClInclude Include="ServiceManager.h">
      <Filter>Services\ServiceManager</Filter>
    </ClInclude>
    <ClInclude Include="UILoopNull.h">
      <Filter>States\UIStates</Filter>
    </ClInclude>
    <ClInclude Include="Defines.h">
      <Filter>Infrastructure</Filter>
    </ClInclude>
    <ClInclude Include="UILoopMainMenu.h">
      <Filter>States\UIStates</Filter>
    </ClInclude>
    <ClInclude Include="UILibrary.h">
      <Filter>Infrastructure</Filter>
    </ClInclude>
    <ClInclude Include="UILoopOptions.h">
      <Filter>States\UIStates</Filter>
    </ClInclude>
    <ClInclude Include="UILoopNewGame.h">
      <Filter>States\UIStates</Filter>
    </ClInclude>
    <ClInclude Include="GameLoopMainMenu.h">
      <Filter>States\GameLoopStates</Filter>
    </ClInclude>
    <ClInclude Include="GameLoopNewGame.h">
      <Filter>States\GameLoopStates</Filter>
    </ClInclude>
    <ClInclude Include="Camera.h">
      <Filter>Camera</Filter>
    </ClInclude>
    <ClInclude Include="GameObject.h">
      <Filter>GameObjects</Filter>
    </ClInclude>
    <ClInclude Include="TexturedGameObject.h">
      <Filter>GameObjects</Filter>
    </ClInclude>
    <ClInclude Include="GameObjectTexture.h">
      <Filter>GameObjects</Filter>
    </ClInclude>
    <ClInclude Include="World.h">
      <Filter>GameWorld</Filter>
    </ClInclude>
    <ClInclude Include="BaseState.h">
      <Filter>States\BaseState</Filter>
    </ClInclude>
    <ClInclude Include="LinkUIGameState.h">
      <Filter>States\BaseState</Filter>
    </ClInclude>
    <ClInclude Include="Player.h">
      <Filter>GameObjects</Filter>
    </ClInclude>
    <ClInclude Include="CameraController.h">
      <Filter>Camera</Filter>
    </ClInclude>
    <ClInclude Include="ShortcutController.h">
      <Filter>Shortcuts</Filter>
    </ClInclude>
    <ClInclude Include="Terrain.h">
      <Filter>Terrain</Filter>
    </ClInclude>
    <ClInclude Include="Light.h">
      <Filter>Light</Filter>
    </ClInclude>
    <ClInclude Include="GameSkyBox.h">
      <Filter>Entities</Filter>
    </ClInclude>
    <ClInclude Include="Acropolis.h">
      <Filter>Entities</Filter>
    </ClInclude>
    <ClInclude Include="Chair.h">
      <Filter>Entities</Filter>
    </ClInclude>
    <ClInclude Include="AcropolisGround.h">
      <Filter>Entities</Filter>
    </ClInclude>
    <ClInclude Include="Dwarf.h">
      <Filter>Entities</Filter>
    </ClInclude>
    <ClInclude Include="Nlo.h">
      <Filter>Entities</Filter>
    </ClInclude>
    <ClInclude Include="Car.h">
      <Filter>Entities</Filter>
    </ClInclude>
    <ClInclude Include="EvilDrone.h">
      <Filter>Entities</Filter>
    </ClInclude>
    <ClInclude Include="Gyro.h">
      <Filter>Entities</Filter>
    </ClInclude>
    <ClInclude Include="AttackedGyro.h">
      <Filter>Entities</Filter>
    </ClInclude>
    <ClInclude Include="Airplane.h">
      <Filter>Entities</Filter>
    </ClInclude>
    <ClInclude Include="Satellite.h">
      <Filter>Entities</Filter>
    </ClInclude>
  </ItemGroup>
  <ItemGroup>
    <Filter Include="Infrastructure">
      <UniqueIdentifier>{f1bfc7c7-a822-429f-9ad7-b65ebf1ebf8a}</UniqueIdentifier>
    </Filter>
    <Filter Include="DirectX">
      <UniqueIdentifier>{bd9e88aa-e89a-4854-a83f-984489109ff1}</UniqueIdentifier>
    </Filter>
    <Filter Include="Services">
      <UniqueIdentifier>{05d3aa9e-e836-458e-a1da-92123d95287f}</UniqueIdentifier>
    </Filter>
    <Filter Include="Services\Interfaces">
      <UniqueIdentifier>{57057405-d1d9-478e-94b6-7b45a017d139}</UniqueIdentifier>
    </Filter>
    <Filter Include="Resources">
      <UniqueIdentifier>{4c687975-864f-4474-a1be-7a0c176a4c9e}</UniqueIdentifier>
    </Filter>
    <Filter Include="DirectX\v_9">
      <UniqueIdentifier>{7cc9eb77-82a4-4891-9e75-ac570b03bcd9}</UniqueIdentifier>
    </Filter>
    <Filter Include="DirectX\Utility">
      <UniqueIdentifier>{2688fc14-6e7b-4c2e-aed6-4d56c4369a28}</UniqueIdentifier>
    </Filter>
    <Filter Include="Main">
      <UniqueIdentifier>{633ba0a9-d235-4bf2-91e1-5042653e07fa}</UniqueIdentifier>
    </Filter>
    <Filter Include="States">
      <UniqueIdentifier>{dd5fe4d4-a531-4dad-82e3-05e4c6934423}</UniqueIdentifier>
    </Filter>
    <Filter Include="States\GameLoopStates">
      <UniqueIdentifier>{c477ff1e-c4c0-4582-84f7-c9bbac9c8a0a}</UniqueIdentifier>
    </Filter>
    <Filter Include="States\UIStates">
      <UniqueIdentifier>{db632f46-b42e-4d75-b0eb-c5fe72376a12}</UniqueIdentifier>
    </Filter>
    <Filter Include="Services\ServiceManager">
      <UniqueIdentifier>{ed9b1119-e9f8-4cc4-86eb-460aa71a3c12}</UniqueIdentifier>
    </Filter>
    <Filter Include="Camera">
      <UniqueIdentifier>{b3ad51ec-dce9-4573-ae27-456654b852a2}</UniqueIdentifier>
    </Filter>
    <Filter Include="GameObjects">
      <UniqueIdentifier>{ecde5792-7189-4a9a-b3a8-395eb4255222}</UniqueIdentifier>
    </Filter>
    <Filter Include="GameWorld">
      <UniqueIdentifier>{dc69c9be-8692-491d-a0f0-d1c3fcc94f07}</UniqueIdentifier>
    </Filter>
    <Filter Include="States\BaseState">
      <UniqueIdentifier>{802e640d-99df-4301-81a3-a381d34e29d3}</UniqueIdentifier>
    </Filter>
    <Filter Include="Terrain">
      <UniqueIdentifier>{345d6f82-f23e-4beb-8de9-adfdb845e95d}</UniqueIdentifier>
    </Filter>
    <Filter Include="Shortcuts">
      <UniqueIdentifier>{f0139a85-0bbd-4761-be32-1e7f4c1ef2c5}</UniqueIdentifier>
    </Filter>
    <Filter Include="Light">
      <UniqueIdentifier>{1a441681-b81d-481b-b10f-5c295b4c9d6e}</UniqueIdentifier>
    </Filter>
    <Filter Include="Entities">
      <UniqueIdentifier>{00d63fb8-105c-4ddc-8bb7-c53c21e08afb}</UniqueIdentifier>
    </Filter>
  </ItemGroup>
  <ItemGroup>
    <ResourceCompile Include="Resource.rc">
      <Filter>Resources</Filter>
    </ResourceCompile>
  </ItemGroup>
  <ItemGroup>
    <None Include="directx.ico">
      <Filter>Resources</Filter>
    </None>
    <None Include="ClassDiagram.cd" />
  </ItemGroup>
</Project>