<?xml version="1.0" encoding="utf-8"?>
<Project ToolsVersion="4.0" xmlns="http://schemas.microsoft.com/developer/msbuild/2003">
  <ItemGroup>
    <ClCompile Include="Global_Effect.cpp" />
    <ClCompile Include="d3dUtility.cpp" />
    <ClCompile Include="Direct_Operation.cpp" />
    <ClCompile Include="MainWindow.cpp" />
    <ClCompile Include="LoadStringFromResource.cpp">
      <Filter>Inftrastructure</Filter>
    </ClCompile>
  </ItemGroup>
  <ItemGroup>
    <ClInclude Include="Global_Effect.h" />
    <ClInclude Include="d3dUtility.h" />
    <ClInclude Include="Direct_Operations.h" />
    <ClInclude Include="MainWindow.h" />
    <ClInclude Include="ServiceManager.h">
      <Filter>Services</Filter>
    </ClInclude>
    <ClInclude Include="IServiceMainWindow.h">
      <Filter>Interfaces\Services</Filter>
    </ClInclude>
    <ClInclude Include="LoadStringFromResource.h">
      <Filter>Inftrastructure</Filter>
    </ClInclude>
  </ItemGroup>
  <ItemGroup>
    <None Include="directx.ico" />
  </ItemGroup>
  <ItemGroup>
    <Filter Include="Services">
      <UniqueIdentifier>{19836651-b9bb-42c1-9e5f-5800320e8c54}</UniqueIdentifier>
    </Filter>
    <Filter Include="Interfaces">
      <UniqueIdentifier>{a2967e1c-5fc3-4d47-8538-30831cb4dab9}</UniqueIdentifier>
    </Filter>
    <Filter Include="Interfaces\Services">
      <UniqueIdentifier>{907d4163-6f38-4ae4-86e5-52f0fa705b26}</UniqueIdentifier>
    </Filter>
    <Filter Include="Headers">
      <UniqueIdentifier>{0c092ea7-52fe-410c-aabd-cf78a6551dce}</UniqueIdentifier>
    </Filter>
    <Filter Include="Inftrastructure">
      <UniqueIdentifier>{a50ce2e1-35f5-481e-80eb-7a7e3dd666f6}</UniqueIdentifier>
    </Filter>
  </ItemGroup>
</Project>